
Microsoft Visual Studio Solution File, Format Version 12.00
# Visual Studio Version 17
VisualStudioVersion = 17.5.002.0
MinimumVisualStudioVersion = 10.0.40219.1
Project("{9A19103F-16F7-4668-BE54-9A1E7A4F7556}") = "backend_test", "sq_backend_test\backend_test.csproj", "{F212F852-79BB-4B41-8284-CFBBC66E0455}"
EndProject
Global
	GlobalSection(SolutionConfigurationPlatforms) = preSolution
		Debug|Any CPU = Debug|Any CPU
		Release|Any CPU = Release|Any CPU
	EndGlobalSection
	GlobalSection(ProjectConfigurationPlatforms) = postSolution
		{F212F852-79BB-4B41-8284-CFBBC66E0455}.Debug|Any CPU.ActiveCfg = Debug|Any CPU
		{F212F852-79BB-4B41-8284-CFBBC66E0455}.Debug|Any CPU.Build.0 = Debug|Any CPU
		{F212F852-79BB-4B41-8284-CFBBC66E0455}.Release|Any CPU.ActiveCfg = Release|Any CPU
		{F212F852-79BB-4B41-8284-CFBBC66E0455}.Release|Any CPU.Build.0 = Release|Any CPU
	EndGlobalSection
	GlobalSection(SolutionProperties) = preSolution
		HideSolutionNode = FALSE
	EndGlobalSection
	GlobalSection(ExtensibilityGlobals) = postSolution
		SolutionGuid = {6D5EA51F-1759-4C47-B186-2F2766EADB58}
	EndGlobalSection
EndGlobal
